// !$*UTF8*$!
{
	archiveVersion = 1;
	classes = {
	};
	objectVersion = 55;
	objects = {

/* Begin PBXBuildFile section */
		8107BF472C87224E00982F17 /* Game.cpp in Sources */ = {isa = PBXBuildFile; fileRef = 8107BF452C87224E00982F17 /* Game.cpp */; };
		8107BF4A2C87277000982F17 /* Board.cpp in Sources */ = {isa = PBXBuildFile; fileRef = 8107BF482C87277000982F17 /* Board.cpp */; };
		8108F11C2C88645C001822C3 /* Window.cpp in Sources */ = {isa = PBXBuildFile; fileRef = 8108F11A2C88645C001822C3 /* Window.cpp */; };
		8108F11F2C8878E0001822C3 /* Background.cpp in Sources */ = {isa = PBXBuildFile; fileRef = 8108F11D2C8878E0001822C3 /* Background.cpp */; };
		81321CFE2C84BA60007A67D8 /* ResourcePath.mm in Sources */ = {isa = PBXBuildFile; fileRef = 81321CFD2C84BA60007A67D8 /* ResourcePath.mm */; };
		81321D012C84BA60007A67D8 /* main.cpp in Sources */ = {isa = PBXBuildFile; fileRef = 81321D002C84BA60007A67D8 /* main.cpp */; };
		81321D042C84BA60007A67D8 /* background.jpg in Resources */ = {isa = PBXBuildFile; fileRef = 81321D032C84BA60007A67D8 /* background.jpg */; };
		81321D062C84BA60007A67D8 /* doodle_pop.ogg in Resources */ = {isa = PBXBuildFile; fileRef = 81321D052C84BA60007A67D8 /* doodle_pop.ogg */; };
		81321D082C84BA60007A67D8 /* tuffy.ttf in Resources */ = {isa = PBXBuildFile; fileRef = 81321D072C84BA60007A67D8 /* tuffy.ttf */; };
		81321D0A2C84BA60007A67D8 /* icon.png in Resources */ = {isa = PBXBuildFile; fileRef = 81321D092C84BA60007A67D8 /* icon.png */; };
		81C9EFC22C85DE37007215E9 /* sample.jpg in Resources */ = {isa = PBXBuildFile; fileRef = 81C9EFC12C85DE37007215E9 /* sample.jpg */; };
		81C9EFC42C85DE40007215E9 /* ARIAL.TTF in Resources */ = {isa = PBXBuildFile; fileRef = 81C9EFC32C85DE40007215E9 /* ARIAL.TTF */; };
		81C9EFC62C85DE49007215E9 /* wood_bg.jpg in Resources */ = {isa = PBXBuildFile; fileRef = 81C9EFC52C85DE49007215E9 /* wood_bg.jpg */; };
		81C9EFC82C85E218007215E9 /* SamuraiBlast.ttf in Resources */ = {isa = PBXBuildFile; fileRef = 81C9EFC72C85E218007215E9 /* SamuraiBlast.ttf */; };
		81C9EFCC2C85F049007215E9 /* wood_frame.png in Resources */ = {isa = PBXBuildFile; fileRef = 81C9EFCB2C85F049007215E9 /* wood_frame.png */; };
/* End PBXBuildFile section */

/* Begin PBXFileReference section */
		8107BF452C87224E00982F17 /* Game.cpp */ = {isa = PBXFileReference; lastKnownFileType = sourcecode.cpp.cpp; path = Game.cpp; sourceTree = "<group>"; };
		8107BF462C87224E00982F17 /* Game.hpp */ = {isa = PBXFileReference; lastKnownFileType = sourcecode.cpp.h; path = Game.hpp; sourceTree = "<group>"; };
		8107BF482C87277000982F17 /* Board.cpp */ = {isa = PBXFileReference; lastKnownFileType = sourcecode.cpp.cpp; path = Board.cpp; sourceTree = "<group>"; };
		8107BF492C87277000982F17 /* Board.hpp */ = {isa = PBXFileReference; lastKnownFileType = sourcecode.cpp.h; path = Board.hpp; sourceTree = "<group>"; };
		8108F11A2C88645C001822C3 /* Window.cpp */ = {isa = PBXFileReference; lastKnownFileType = sourcecode.cpp.cpp; path = Window.cpp; sourceTree = "<group>"; };
		8108F11B2C88645C001822C3 /* Window.hpp */ = {isa = PBXFileReference; lastKnownFileType = sourcecode.cpp.h; path = Window.hpp; sourceTree = "<group>"; };
		8108F11D2C8878E0001822C3 /* Background.cpp */ = {isa = PBXFileReference; lastKnownFileType = sourcecode.cpp.cpp; path = Background.cpp; sourceTree = "<group>"; };
		8108F11E2C8878E0001822C3 /* Background.hpp */ = {isa = PBXFileReference; lastKnownFileType = sourcecode.cpp.h; path = Background.hpp; sourceTree = "<group>"; };
		81321CF82C84BA60007A67D8 /* BoxPuzzle.app */ = {isa = PBXFileReference; explicitFileType = wrapper.application; includeInIndex = 0; path = BoxPuzzle.app; sourceTree = BUILT_PRODUCTS_DIR; };
		81321CFD2C84BA60007A67D8 /* ResourcePath.mm */ = {isa = PBXFileReference; lastKnownFileType = sourcecode.cpp.objcpp; path = ResourcePath.mm; sourceTree = "<group>"; };
		81321CFF2C84BA60007A67D8 /* ResourcePath.hpp */ = {isa = PBXFileReference; lastKnownFileType = sourcecode.cpp.h; path = ResourcePath.hpp; sourceTree = "<group>"; };
		81321D002C84BA60007A67D8 /* main.cpp */ = {isa = PBXFileReference; lastKnownFileType = sourcecode.cpp.cpp; path = main.cpp; sourceTree = "<group>"; };
		81321D032C84BA60007A67D8 /* background.jpg */ = {isa = PBXFileReference; lastKnownFileType = image.jpeg; path = background.jpg; sourceTree = "<group>"; };
		81321D052C84BA60007A67D8 /* doodle_pop.ogg */ = {isa = PBXFileReference; lastKnownFileType = file; path = doodle_pop.ogg; sourceTree = "<group>"; };
		81321D072C84BA60007A67D8 /* tuffy.ttf */ = {isa = PBXFileReference; lastKnownFileType = file; path = tuffy.ttf; sourceTree = "<group>"; };
		81321D092C84BA60007A67D8 /* icon.png */ = {isa = PBXFileReference; lastKnownFileType = image.png; path = icon.png; sourceTree = "<group>"; };
		81C9EFC12C85DE37007215E9 /* sample.jpg */ = {isa = PBXFileReference; lastKnownFileType = image.jpeg; path = sample.jpg; sourceTree = "<group>"; };
		81C9EFC32C85DE40007215E9 /* ARIAL.TTF */ = {isa = PBXFileReference; lastKnownFileType = file; path = ARIAL.TTF; sourceTree = "<group>"; };
		81C9EFC52C85DE49007215E9 /* wood_bg.jpg */ = {isa = PBXFileReference; lastKnownFileType = image.jpeg; path = wood_bg.jpg; sourceTree = "<group>"; };
		81C9EFC72C85E218007215E9 /* SamuraiBlast.ttf */ = {isa = PBXFileReference; lastKnownFileType = file; path = SamuraiBlast.ttf; sourceTree = "<group>"; };
		81C9EFCB2C85F049007215E9 /* wood_frame.png */ = {isa = PBXFileReference; lastKnownFileType = image.png; path = wood_frame.png; sourceTree = "<group>"; };
/* End PBXFileReference section */

/* Begin PBXFrameworksBuildPhase section */
		81321CF42C84BA60007A67D8 /* Frameworks */ = {
			isa = PBXFrameworksBuildPhase;
			buildActionMask = 2147483647;
			files = (
			);
			runOnlyForDeploymentPostprocessing = 0;
		};
/* End PBXFrameworksBuildPhase section */

/* Begin PBXGroup section */
		81321CEE2C84BA60007A67D8 = {
			isa = PBXGroup;
			children = (
				81321CFA2C84BA60007A67D8 /* BoxPuzzle */,
				81321CF92C84BA60007A67D8 /* Products */,
			);
			sourceTree = "<group>";
		};
		81321CF92C84BA60007A67D8 /* Products */ = {
			isa = PBXGroup;
			children = (
				81321CF82C84BA60007A67D8 /* BoxPuzzle.app */,
			);
			name = Products;
			sourceTree = "<group>";
		};
		81321CFA2C84BA60007A67D8 /* BoxPuzzle */ = {
			isa = PBXGroup;
			children = (
				8108F11B2C88645C001822C3 /* Window.hpp */,
				8108F11A2C88645C001822C3 /* Window.cpp */,
				8108F11D2C8878E0001822C3 /* Background.cpp */,
				8108F11E2C8878E0001822C3 /* Background.hpp */,
				81321CFD2C84BA60007A67D8 /* ResourcePath.mm */,
				81321CFF2C84BA60007A67D8 /* ResourcePath.hpp */,
				8107BF452C87224E00982F17 /* Game.cpp */,
				8107BF462C87224E00982F17 /* Game.hpp */,
				81321D002C84BA60007A67D8 /* main.cpp */,
				8107BF482C87277000982F17 /* Board.cpp */,
				8107BF492C87277000982F17 /* Board.hpp */,
				81321D022C84BA60007A67D8 /* Resources */,
			);
			path = BoxPuzzle;
			sourceTree = "<group>";
		};
		81321D022C84BA60007A67D8 /* Resources */ = {
			isa = PBXGroup;
			children = (
				81C9EFCB2C85F049007215E9 /* wood_frame.png */,
				81C9EFC12C85DE37007215E9 /* sample.jpg */,
				81C9EFC32C85DE40007215E9 /* ARIAL.TTF */,
				81C9EFC72C85E218007215E9 /* SamuraiBlast.ttf */,
				81C9EFC52C85DE49007215E9 /* wood_bg.jpg */,
				81321D032C84BA60007A67D8 /* background.jpg */,
				81321D052C84BA60007A67D8 /* doodle_pop.ogg */,
				81321D072C84BA60007A67D8 /* tuffy.ttf */,
				81321D092C84BA60007A67D8 /* icon.png */,
			);
			path = Resources;
			sourceTree = "<group>";
		};
/* End PBXGroup section */

/* Begin PBXNativeTarget section */
		81321CF72C84BA60007A67D8 /* BoxPuzzle */ = {
			isa = PBXNativeTarget;
			buildConfigurationList = 81321D0D2C84BA60007A67D8 /* Build configuration list for PBXNativeTarget "BoxPuzzle" */;
			buildPhases = (
				81321CF32C84BA60007A67D8 /* Sources */,
				81321CF42C84BA60007A67D8 /* Frameworks */,
				81321CF52C84BA60007A67D8 /* Resources */,
				81321CF62C84BA60007A67D8 /* ShellScript */,
			);
			buildRules = (
			);
			dependencies = (
			);
			name = BoxPuzzle;
			productName = BoxPuzzle;
			productReference = 81321CF82C84BA60007A67D8 /* BoxPuzzle.app */;
			productType = "com.apple.product-type.application";
		};
/* End PBXNativeTarget section */

/* Begin PBXProject section */
		81321CEF2C84BA60007A67D8 /* Project object */ = {
			isa = PBXProject;
			attributes = {
				BuildIndependentTargetsInParallel = 1;
				LastUpgradeCheck = 1340;
				ORGANIZATIONNAME = SP_Hobby;
				TargetAttributes = {
					81321CF72C84BA60007A67D8 = {
						CreatedOnToolsVersion = 13.4;
					};
				};
			};
			buildConfigurationList = 81321CF22C84BA60007A67D8 /* Build configuration list for PBXProject "BoxPuzzle" */;
			compatibilityVersion = "Xcode 13.0";
			developmentRegion = en;
			hasScannedForEncodings = 0;
			knownRegions = (
				en,
				Base,
			);
			mainGroup = 81321CEE2C84BA60007A67D8;
			productRefGroup = 81321CF92C84BA60007A67D8 /* Products */;
			projectDirPath = "";
			projectRoot = "";
			targets = (
				81321CF72C84BA60007A67D8 /* BoxPuzzle */,
			);
		};
/* End PBXProject section */

/* Begin PBXResourcesBuildPhase section */
		81321CF52C84BA60007A67D8 /* Resources */ = {
			isa = PBXResourcesBuildPhase;
			buildActionMask = 2147483647;
			files = (
				81C9EFCC2C85F049007215E9 /* wood_frame.png in Resources */,
				81C9EFC82C85E218007215E9 /* SamuraiBlast.ttf in Resources */,
				81C9EFC62C85DE49007215E9 /* wood_bg.jpg in Resources */,
				81C9EFC42C85DE40007215E9 /* ARIAL.TTF in Resources */,
				81C9EFC22C85DE37007215E9 /* sample.jpg in Resources */,
				81321D0A2C84BA60007A67D8 /* icon.png in Resources */,
				81321D062C84BA60007A67D8 /* doodle_pop.ogg in Resources */,
				81321D042C84BA60007A67D8 /* background.jpg in Resources */,
				81321D082C84BA60007A67D8 /* tuffy.ttf in Resources */,
			);
			runOnlyForDeploymentPostprocessing = 0;
		};
/* End PBXResourcesBuildPhase section */

/* Begin PBXShellScriptBuildPhase section */
		81321CF62C84BA60007A67D8 /* ShellScript */ = {
			isa = PBXShellScriptBuildPhase;
			buildActionMask = 12;
			files = (
			);
			inputFileListPaths = (
			);
			inputPaths = (
			);
			outputFileListPaths = (
			);
			outputPaths = (
			);
			runOnlyForDeploymentPostprocessing = 0;
			shellPath = /bin/sh;
			shellScript = "# This shell script simply copies required SFML dylibs/frameworks into the application bundle frameworks folder.\n# If you're using static libraries (which is not recommended) you should remove this script from your project.\n\n# SETTINGS\nSFML_DEPENDENCIES_INSTALL_PREFIX=\"/Library/Frameworks\"\nCMAKE_INSTALL_FRAMEWORK_PREFIX=\"/Library/Frameworks\"\nCMAKE_INSTALL_LIB_PREFIX=\"/Library/Frameworks/lib\"\nFRAMEWORKS_FULL_PATH=\"$BUILT_PRODUCTS_DIR/$FRAMEWORKS_FOLDER_PATH/\"\n\n# Are we building a project that uses frameworks or dylibs?\ncase \"$SFML_BINARY_TYPE\" in\n    DYLIBS)\n        frameworks=\"false\"\n        ;;\n    *)\n        frameworks=\"true\"\n        ;;\nesac\n\n# Echoes to stderr\nerror () # $* message to display\n{\n    echo $* 1>&2\n    exit 2\n}\n\nassert () # $1 is a boolean, $2...N is an error message\n{\n    if [ $# -lt 2 ]\n    then\n        error \"Internal error in assert: not enough args\"\n    fi\n\n    if [ $1 -ne 0 ]\n    then\n        shift\n        error \"$*\"\n    fi\n}\n\nforce_remove () # $@ is some paths\n{\n    test $# -ge 1\n    assert $? \"force_remove() requires at least one parameter\"\n    rm -fr $@\n    assert $? \"couldn't remove $@\"\n}\n\ncopy () # $1 is a source, $2 is a destination\n{\n    test $# -eq 2\n    assert $? \"copy() requires two parameters\"\n    ditto \"$1\" \"$2\"\n    assert $? \"couldn't copy $1 to $2\"\n}\n\nrequire () # $1 is a SFML module like 'system' or 'audio'\n{\n    dest=\"$BUILT_PRODUCTS_DIR/$FRAMEWORKS_FOLDER_PATH/\"\n\n    if [ -z \"$1\" ]\n    then\n        error \"require() requires one parameter!\"\n    else\n        # clean potentially old stuff\n        force_remove \"$dest/libsfml-$1\"*\n        force_remove \"$dest/sfml-$1.framework\"\n\n        # copy SFML libraries\n        if [ \"$frameworks\" = \"true\" ]\n        then\n            source=\"$CMAKE_INSTALL_FRAMEWORK_PREFIX/sfml-$1.framework\"\n            target=\"sfml-$1.framework\"\n        elif [ \"$SFML_LINK_DYLIBS_SUFFIX\" = \"-d\" ]\n        then\n            source=\"$CMAKE_INSTALL_LIB_PREFIX/libsfml-$1-d.dylib\"\n            target=\"`readlink $source`\"\n        else\n            source=\"$CMAKE_INSTALL_LIB_PREFIX/libsfml-$1.dylib\"\n            target=\"`readlink $source`\"\n        fi\n\n        copy \"$source\" \"$dest/$target\"\n\n        # copy extra dependencies\n        if [ \"$1\" = \"audio\" ]\n        then\n            # copy \"FLAC\" \"ogg\" \"vorbis\" \"vorbisenc\" \"vorbisfile\" \"OpenAL\" frameworks too\n            for f in \"FLAC\" \"ogg\" \"vorbis\" \"vorbisenc\" \"vorbisfile\" \"OpenAL\"\n            do\n                copy \"$SFML_DEPENDENCIES_INSTALL_PREFIX/$f.framework\" \"$dest/$f.framework\"\n            done\n        elif [ \"$1\" = \"graphics\" ]\n        then\n            copy \"$SFML_DEPENDENCIES_INSTALL_PREFIX/freetype.framework\" \"$dest/freetype.framework\"\n        fi\n    fi\n}\n\nif [ -n \"$SFML_SYSTEM\" ]\nthen\n    require \"system\"\nfi\n\nif [ -n \"$SFML_AUDIO\" ]\nthen\n    require \"audio\"\nfi\n\nif [ -n \"$SFML_NETWORK\" ]\nthen\n    require \"network\"\nfi\n\nif [ -n \"$SFML_WINDOW\" ]\nthen\n    require \"window\"\nfi\n\nif [ -n \"$SFML_GRAPHICS\" ]\nthen\n    require \"graphics\"\nfi\n\n                \n";
		};
/* End PBXShellScriptBuildPhase section */

/* Begin PBXSourcesBuildPhase section */
		81321CF32C84BA60007A67D8 /* Sources */ = {
			isa = PBXSourcesBuildPhase;
			buildActionMask = 2147483647;
			files = (
				8107BF472C87224E00982F17 /* Game.cpp in Sources */,
				8108F11C2C88645C001822C3 /* Window.cpp in Sources */,
				81321D012C84BA60007A67D8 /* main.cpp in Sources */,
				8108F11F2C8878E0001822C3 /* Background.cpp in Sources */,
				8107BF4A2C87277000982F17 /* Board.cpp in Sources */,
				81321CFE2C84BA60007A67D8 /* ResourcePath.mm in Sources */,
			);
			runOnlyForDeploymentPostprocessing = 0;
		};
/* End PBXSourcesBuildPhase section */

/* Begin XCBuildConfiguration section */
		81321D0B2C84BA60007A67D8 /* Debug */ = {
			isa = XCBuildConfiguration;
			buildSettings = {
				ARCHS = "$(NATIVE_ARCH_ACTUAL)";
				CLANG_CXX_LANGUAGE_STANDARD = "c++11";
				CLANG_CXX_LIBRARY = "libc++";
				FRAMEWORK_SEARCH_PATHS = (
					/Library/Frameworks/,
					"$(inherited)",
				);
				GCC_VERSION = com.apple.compilers.llvm.clang.1_0;
				HEADER_SEARCH_PATHS = (
					/usr/local/include/,
					"$(inherited)",
				);
				LIBRARY_SEARCH_PATHS = (
					/usr/local/lib/,
					"$(inherited)",
				);
				MACOSX_DEPLOYMENT_TARGET = 11.00;
				OTHER_LDFLAGS = (
					"$(inherited)",
					"$(SFML_SYSTEM)",
					"$(SFML_WINDOW)",
					"$(SFML_GRAPHICS)",
					"$(SFML_AUDIO)",
					"$(SFML_NETWORK)",
				);
				SFML_AUDIO = "$(SFML_LINK_PREFIX) sfml-audio$(SFML_LINK_SUFFIX)";
				SFML_BINARY_TYPE = FRAMEWORKS;
				SFML_GRAPHICS = "$(SFML_LINK_PREFIX) sfml-graphics$(SFML_LINK_SUFFIX)";
				SFML_LINK_DYLIBS_PREFIX = "-l";
				SFML_LINK_DYLIBS_SUFFIX = "";
				SFML_LINK_FRAMEWORKS_PREFIX = "-framework";
				SFML_LINK_FRAMEWORKS_SUFFIX = "";
				SFML_LINK_PREFIX = "$(SFML_LINK_$(SFML_BINARY_TYPE)_PREFIX)";
				SFML_LINK_SUFFIX = "$(SFML_LINK_$(SFML_BINARY_TYPE)_SUFFIX)";
				SFML_NETWORK = "$(SFML_LINK_PREFIX) sfml-network$(SFML_LINK_SUFFIX)";
				SFML_SYSTEM = "$(SFML_LINK_PREFIX) sfml-system$(SFML_LINK_SUFFIX)";
				SFML_WINDOW = "$(SFML_LINK_PREFIX) sfml-window$(SFML_LINK_SUFFIX)";
				SUPPORTED_PLATFORMS = macosx;
			};
			name = Debug;
		};
		81321D0C2C84BA60007A67D8 /* Release */ = {
			isa = XCBuildConfiguration;
			buildSettings = {
				ARCHS = "$(NATIVE_ARCH_ACTUAL)";
				CLANG_CXX_LANGUAGE_STANDARD = "c++11";
				CLANG_CXX_LIBRARY = "libc++";
				FRAMEWORK_SEARCH_PATHS = (
					/Library/Frameworks/,
					"$(inherited)",
				);
				GCC_VERSION = com.apple.compilers.llvm.clang.1_0;
				HEADER_SEARCH_PATHS = (
					/usr/local/include/,
					"$(inherited)",
				);
				LIBRARY_SEARCH_PATHS = (
					/usr/local/lib/,
					"$(inherited)",
				);
				MACOSX_DEPLOYMENT_TARGET = 11.00;
				OTHER_LDFLAGS = (
					"$(inherited)",
					"$(SFML_SYSTEM)",
					"$(SFML_WINDOW)",
					"$(SFML_GRAPHICS)",
					"$(SFML_AUDIO)",
					"$(SFML_NETWORK)",
				);
				SFML_AUDIO = "$(SFML_LINK_PREFIX) sfml-audio$(SFML_LINK_SUFFIX)";
				SFML_BINARY_TYPE = FRAMEWORKS;
				SFML_GRAPHICS = "$(SFML_LINK_PREFIX) sfml-graphics$(SFML_LINK_SUFFIX)";
				SFML_LINK_DYLIBS_PREFIX = "-l";
				SFML_LINK_DYLIBS_SUFFIX = "";
				SFML_LINK_FRAMEWORKS_PREFIX = "-framework";
				SFML_LINK_FRAMEWORKS_SUFFIX = "";
				SFML_LINK_PREFIX = "$(SFML_LINK_$(SFML_BINARY_TYPE)_PREFIX)";
				SFML_LINK_SUFFIX = "$(SFML_LINK_$(SFML_BINARY_TYPE)_SUFFIX)";
				SFML_NETWORK = "$(SFML_LINK_PREFIX) sfml-network$(SFML_LINK_SUFFIX)";
				SFML_SYSTEM = "$(SFML_LINK_PREFIX) sfml-system$(SFML_LINK_SUFFIX)";
				SFML_WINDOW = "$(SFML_LINK_PREFIX) sfml-window$(SFML_LINK_SUFFIX)";
				SUPPORTED_PLATFORMS = macosx;
			};
			name = Release;
		};
		81321D0E2C84BA60007A67D8 /* Debug */ = {
			isa = XCBuildConfiguration;
			buildSettings = {
				CODE_SIGN_IDENTITY = "";
				CODE_SIGN_STYLE = Manual;
				DEVELOPMENT_TEAM = "";
				INFOPLIST_FILE = "BoxPuzzle/BoxPuzzle-Info.plist";
				LD_RUNPATH_SEARCH_PATHS = "@loader_path/../Frameworks";
				PRODUCT_NAME = "$(TARGET_NAME)";
				PROVISIONING_PROFILE_SPECIFIER = "";
			};
			name = Debug;
		};
		81321D0F2C84BA60007A67D8 /* Release */ = {
			isa = XCBuildConfiguration;
			buildSettings = {
				CODE_SIGN_IDENTITY = "";
				CODE_SIGN_STYLE = Manual;
				DEVELOPMENT_TEAM = "";
				INFOPLIST_FILE = "BoxPuzzle/BoxPuzzle-Info.plist";
				LD_RUNPATH_SEARCH_PATHS = "@loader_path/../Frameworks";
				PRODUCT_NAME = "$(TARGET_NAME)";
				PROVISIONING_PROFILE_SPECIFIER = "";
			};
			name = Release;
		};
/* End XCBuildConfiguration section */

/* Begin XCConfigurationList section */
		81321CF22C84BA60007A67D8 /* Build configuration list for PBXProject "BoxPuzzle" */ = {
			isa = XCConfigurationList;
			buildConfigurations = (
				81321D0B2C84BA60007A67D8 /* Debug */,
				81321D0C2C84BA60007A67D8 /* Release */,
			);
			defaultConfigurationIsVisible = 0;
			defaultConfigurationName = Release;
		};
		81321D0D2C84BA60007A67D8 /* Build configuration list for PBXNativeTarget "BoxPuzzle" */ = {
			isa = XCConfigurationList;
			buildConfigurations = (
				81321D0E2C84BA60007A67D8 /* Debug */,
				81321D0F2C84BA60007A67D8 /* Release */,
			);
			defaultConfigurationIsVisible = 0;
			defaultConfigurationName = Release;
		};
/* End XCConfigurationList section */
	};
	rootObject = 81321CEF2C84BA60007A67D8 /* Project object */;
}
